<Solution>
  <Project Path="Day1/Day1.csproj" Id="90f1db0a-9e40-4b71-a656-a8362927444c" />
  <Project Path="Day2/Day2.csproj" Id="6ec872b8-528a-4b1c-8f83-9780c4c4728d" />
  <Project Path="Day3/Day3.csproj" Id="7a073f6d-8562-473f-9435-d66b022756f9" />
  <Project Path="Day4/Day4.csproj" Id="7b715ac3-07c2-4f0c-b35b-358035ad68c5" />
  <Project Path="Day5/Day5.csproj" Id="a2326109-13c1-4ce9-86b6-bf0180a5cb79" />
  <Project Path="Day6/Day6.csproj" Id="317d9a9a-9d5a-4276-8838-2e0309a3e18f" />
  <Project Path="Day7/Day7.csproj" Id="2c07efa7-6a30-453a-896d-87bb4cead869" />
  <Project Path="Day8/Day8.csproj" Id="220a500c-5cac-4fca-bcfb-7636a4dffed9" />
</Solution>
